
Microsoft Visual Studio Solution File, Format Version 12.00
# Visual Studio Version 16
VisualStudioVersion = 16.0.30204.135
MinimumVisualStudioVersion = 10.0.40219.1
Project("{FAE04EC0-301F-11D3-BF4B-00C04F79EFBC}") = "Aciertagol.Common", "Aciertagol.Common\Aciertagol.Common.csproj", "{0220DD54-3B5A-43EC-9CFC-0D5004875791}"
EndProject
Project("{FAE04EC0-301F-11D3-BF4B-00C04F79EFBC}") = "Aciertagol.Web", "Aciertagol.Web\Aciertagol.Web.csproj", "{A883137F-3F85-4979-A460-7FCB277C4291}"
EndProject
Project("{FAE04EC0-301F-11D3-BF4B-00C04F79EFBC}") = "Aciertagol.Prism", "Aciertagol.Prism\Aciertagol.Prism\Aciertagol.Prism.csproj", "{B7295C9B-5E88-4D7E-A6F3-A7A8B924AD93}"
EndProject
Project("{FAE04EC0-301F-11D3-BF4B-00C04F79EFBC}") = "Aciertagol.Prism.Android", "Aciertagol.Prism\Aciertagol.Prism.Android\Aciertagol.Prism.Android.csproj", "{108C2443-4AD1-4D8A-A077-4B27068F49CE}"
EndProject
Project("{FAE04EC0-301F-11D3-BF4B-00C04F79EFBC}") = "Aciertagol.Prism.iOS", "Aciertagol.Prism\Aciertagol.Prism.iOS\Aciertagol.Prism.iOS.csproj", "{3BDAFB46-CE4A-4C2B-B54A-1E7F85BAB0BE}"
EndProject
Project("{FAE04EC0-301F-11D3-BF4B-00C04F79EFBC}") = "Aciertagol.Cross.Android", "Aciertagol.Cross.Android\Aciertagol.Cross.Android.csproj", "{27137F71-771A-4C7C-B805-B320C75DE1EE}"
EndProject
Project("{FAE04EC0-301F-11D3-BF4B-00C04F79EFBC}") = "Aciertagol.Cross.iOS", "Aciertagol.Cross.iOS\Aciertagol.Cross.iOS.csproj", "{7D4E571B-3944-415E-8E33-780A52CAABA8}"
EndProject
Global
	GlobalSection(SolutionConfigurationPlatforms) = preSolution
		Ad-Hoc|Any CPU = Ad-Hoc|Any CPU
		Ad-Hoc|iPhone = Ad-Hoc|iPhone
		Ad-Hoc|iPhoneSimulator = Ad-Hoc|iPhoneSimulator
		AppStore|Any CPU = AppStore|Any CPU
		AppStore|iPhone = AppStore|iPhone
		AppStore|iPhoneSimulator = AppStore|iPhoneSimulator
		Debug|Any CPU = Debug|Any CPU
		Debug|iPhone = Debug|iPhone
		Debug|iPhoneSimulator = Debug|iPhoneSimulator
		Release|Any CPU = Release|Any CPU
		Release|iPhone = Release|iPhone
		Release|iPhoneSimulator = Release|iPhoneSimulator
	EndGlobalSection
	GlobalSection(ProjectConfigurationPlatforms) = postSolution
		{0220DD54-3B5A-43EC-9CFC-0D5004875791}.Ad-Hoc|Any CPU.ActiveCfg = Debug|Any CPU
		{0220DD54-3B5A-43EC-9CFC-0D5004875791}.Ad-Hoc|Any CPU.Build.0 = Debug|Any CPU
		{0220DD54-3B5A-43EC-9CFC-0D5004875791}.Ad-Hoc|iPhone.ActiveCfg = Debug|Any CPU
		{0220DD54-3B5A-43EC-9CFC-0D5004875791}.Ad-Hoc|iPhone.Build.0 = Debug|Any CPU
		{0220DD54-3B5A-43EC-9CFC-0D5004875791}.Ad-Hoc|iPhoneSimulator.ActiveCfg = Debug|Any CPU
		{0220DD54-3B5A-43EC-9CFC-0D5004875791}.Ad-Hoc|iPhoneSimulator.Build.0 = Debug|Any CPU
		{0220DD54-3B5A-43EC-9CFC-0D5004875791}.AppStore|Any CPU.ActiveCfg = Debug|Any CPU
		{0220DD54-3B5A-43EC-9CFC-0D5004875791}.AppStore|Any CPU.Build.0 = Debug|Any CPU
		{0220DD54-3B5A-43EC-9CFC-0D5004875791}.AppStore|iPhone.ActiveCfg = Debug|Any CPU
		{0220DD54-3B5A-43EC-9CFC-0D5004875791}.AppStore|iPhone.Build.0 = Debug|Any CPU
		{0220DD54-3B5A-43EC-9CFC-0D5004875791}.AppStore|iPhoneSimulator.ActiveCfg = Debug|Any CPU
		{0220DD54-3B5A-43EC-9CFC-0D5004875791}.AppStore|iPhoneSimulator.Build.0 = Debug|Any CPU
		{0220DD54-3B5A-43EC-9CFC-0D5004875791}.Debug|Any CPU.ActiveCfg = Debug|Any CPU
		{0220DD54-3B5A-43EC-9CFC-0D5004875791}.Debug|Any CPU.Build.0 = Debug|Any CPU
		{0220DD54-3B5A-43EC-9CFC-0D5004875791}.Debug|iPhone.ActiveCfg = Debug|Any CPU
		{0220DD54-3B5A-43EC-9CFC-0D5004875791}.Debug|iPhone.Build.0 = Debug|Any CPU
		{0220DD54-3B5A-43EC-9CFC-0D5004875791}.Debug|iPhoneSimulator.ActiveCfg = Debug|Any CPU
		{0220DD54-3B5A-43EC-9CFC-0D5004875791}.Debug|iPhoneSimulator.Build.0 = Debug|Any CPU
		{0220DD54-3B5A-43EC-9CFC-0D5004875791}.Release|Any CPU.ActiveCfg = Release|Any CPU
		{0220DD54-3B5A-43EC-9CFC-0D5004875791}.Release|Any CPU.Build.0 = Release|Any CPU
		{0220DD54-3B5A-43EC-9CFC-0D5004875791}.Release|iPhone.ActiveCfg = Release|Any CPU
		{0220DD54-3B5A-43EC-9CFC-0D5004875791}.Release|iPhone.Build.0 = Release|Any CPU
		{0220DD54-3B5A-43EC-9CFC-0D5004875791}.Release|iPhoneSimulator.ActiveCfg = Release|Any CPU
		{0220DD54-3B5A-43EC-9CFC-0D5004875791}.Release|iPhoneSimulator.Build.0 = Release|Any CPU
		{A883137F-3F85-4979-A460-7FCB277C4291}.Ad-Hoc|Any CPU.ActiveCfg = Debug|Any CPU
		{A883137F-3F85-4979-A460-7FCB277C4291}.Ad-Hoc|Any CPU.Build.0 = Debug|Any CPU
		{A883137F-3F85-4979-A460-7FCB277C4291}.Ad-Hoc|iPhone.ActiveCfg = Debug|Any CPU
		{A883137F-3F85-4979-A460-7FCB277C4291}.Ad-Hoc|iPhone.Build.0 = Debug|Any CPU
		{A883137F-3F85-4979-A460-7FCB277C4291}.Ad-Hoc|iPhoneSimulator.ActiveCfg = Debug|Any CPU
		{A883137F-3F85-4979-A460-7FCB277C4291}.Ad-Hoc|iPhoneSimulator.Build.0 = Debug|Any CPU
		{A883137F-3F85-4979-A460-7FCB277C4291}.AppStore|Any CPU.ActiveCfg = Debug|Any CPU
		{A883137F-3F85-4979-A460-7FCB277C4291}.AppStore|Any CPU.Build.0 = Debug|Any CPU
		{A883137F-3F85-4979-A460-7FCB277C4291}.AppStore|iPhone.ActiveCfg = Debug|Any CPU
		{A883137F-3F85-4979-A460-7FCB277C4291}.AppStore|iPhone.Build.0 = Debug|Any CPU
		{A883137F-3F85-4979-A460-7FCB277C4291}.AppStore|iPhoneSimulator.ActiveCfg = Debug|Any CPU
		{A883137F-3F85-4979-A460-7FCB277C4291}.AppStore|iPhoneSimulator.Build.0 = Debug|Any CPU
		{A883137F-3F85-4979-A460-7FCB277C4291}.Debug|Any CPU.ActiveCfg = Debug|Any CPU
		{A883137F-3F85-4979-A460-7FCB277C4291}.Debug|Any CPU.Build.0 = Debug|Any CPU
		{A883137F-3F85-4979-A460-7FCB277C4291}.Debug|iPhone.ActiveCfg = Debug|Any CPU
		{A883137F-3F85-4979-A460-7FCB277C4291}.Debug|iPhone.Build.0 = Debug|Any CPU
		{A883137F-3F85-4979-A460-7FCB277C4291}.Debug|iPhoneSimulator.ActiveCfg = Debug|Any CPU
		{A883137F-3F85-4979-A460-7FCB277C4291}.Debug|iPhoneSimulator.Build.0 = Debug|Any CPU
		{A883137F-3F85-4979-A460-7FCB277C4291}.Release|Any CPU.ActiveCfg = Release|Any CPU
		{A883137F-3F85-4979-A460-7FCB277C4291}.Release|Any CPU.Build.0 = Release|Any CPU
		{A883137F-3F85-4979-A460-7FCB277C4291}.Release|iPhone.ActiveCfg = Release|Any CPU
		{A883137F-3F85-4979-A460-7FCB277C4291}.Release|iPhone.Build.0 = Release|Any CPU
		{A883137F-3F85-4979-A460-7FCB277C4291}.Release|iPhoneSimulator.ActiveCfg = Release|Any CPU
		{A883137F-3F85-4979-A460-7FCB277C4291}.Release|iPhoneSimulator.Build.0 = Release|Any CPU
		{B7295C9B-5E88-4D7E-A6F3-A7A8B924AD93}.Ad-Hoc|Any CPU.ActiveCfg = Debug|Any CPU
		{B7295C9B-5E88-4D7E-A6F3-A7A8B924AD93}.Ad-Hoc|Any CPU.Build.0 = Debug|Any CPU
		{B7295C9B-5E88-4D7E-A6F3-A7A8B924AD93}.Ad-Hoc|iPhone.ActiveCfg = Debug|Any CPU
		{B7295C9B-5E88-4D7E-A6F3-A7A8B924AD93}.Ad-Hoc|iPhone.Build.0 = Debug|Any CPU
		{B7295C9B-5E88-4D7E-A6F3-A7A8B924AD93}.Ad-Hoc|iPhoneSimulator.ActiveCfg = Debug|Any CPU
		{B7295C9B-5E88-4D7E-A6F3-A7A8B924AD93}.Ad-Hoc|iPhoneSimulator.Build.0 = Debug|Any CPU
		{B7295C9B-5E88-4D7E-A6F3-A7A8B924AD93}.AppStore|Any CPU.ActiveCfg = Debug|Any CPU
		{B7295C9B-5E88-4D7E-A6F3-A7A8B924AD93}.AppStore|Any CPU.Build.0 = Debug|Any CPU
		{B7295C9B-5E88-4D7E-A6F3-A7A8B924AD93}.AppStore|iPhone.ActiveCfg = Debug|Any CPU
		{B7295C9B-5E88-4D7E-A6F3-A7A8B924AD93}.AppStore|iPhone.Build.0 = Debug|Any CPU
		{B7295C9B-5E88-4D7E-A6F3-A7A8B924AD93}.AppStore|iPhoneSimulator.ActiveCfg = Debug|Any CPU
		{B7295C9B-5E88-4D7E-A6F3-A7A8B924AD93}.AppStore|iPhoneSimulator.Build.0 = Debug|Any CPU
		{B7295C9B-5E88-4D7E-A6F3-A7A8B924AD93}.Debug|Any CPU.ActiveCfg = Debug|Any CPU
		{B7295C9B-5E88-4D7E-A6F3-A7A8B924AD93}.Debug|Any CPU.Build.0 = Debug|Any CPU
		{B7295C9B-5E88-4D7E-A6F3-A7A8B924AD93}.Debug|iPhone.ActiveCfg = Debug|Any CPU
		{B7295C9B-5E88-4D7E-A6F3-A7A8B924AD93}.Debug|iPhone.Build.0 = Debug|Any CPU
		{B7295C9B-5E88-4D7E-A6F3-A7A8B924AD93}.Debug|iPhoneSimulator.ActiveCfg = Debug|Any CPU
		{B7295C9B-5E88-4D7E-A6F3-A7A8B924AD93}.Debug|iPhoneSimulator.Build.0 = Debug|Any CPU
		{B7295C9B-5E88-4D7E-A6F3-A7A8B924AD93}.Release|Any CPU.ActiveCfg = Release|Any CPU
		{B7295C9B-5E88-4D7E-A6F3-A7A8B924AD93}.Release|Any CPU.Build.0 = Release|Any CPU
		{B7295C9B-5E88-4D7E-A6F3-A7A8B924AD93}.Release|iPhone.ActiveCfg = Release|Any CPU
		{B7295C9B-5E88-4D7E-A6F3-A7A8B924AD93}.Release|iPhone.Build.0 = Release|Any CPU
		{B7295C9B-5E88-4D7E-A6F3-A7A8B924AD93}.Release|iPhoneSimulator.ActiveCfg = Release|Any CPU
		{B7295C9B-5E88-4D7E-A6F3-A7A8B924AD93}.Release|iPhoneSimulator.Build.0 = Release|Any CPU
		{108C2443-4AD1-4D8A-A077-4B27068F49CE}.Ad-Hoc|Any CPU.ActiveCfg = Release|Any CPU
		{108C2443-4AD1-4D8A-A077-4B27068F49CE}.Ad-Hoc|Any CPU.Build.0 = Release|Any CPU
		{108C2443-4AD1-4D8A-A077-4B27068F49CE}.Ad-Hoc|Any CPU.Deploy.0 = Release|Any CPU
		{108C2443-4AD1-4D8A-A077-4B27068F49CE}.Ad-Hoc|iPhone.ActiveCfg = Release|Any CPU
		{108C2443-4AD1-4D8A-A077-4B27068F49CE}.Ad-Hoc|iPhone.Build.0 = Release|Any CPU
		{108C2443-4AD1-4D8A-A077-4B27068F49CE}.Ad-Hoc|iPhone.Deploy.0 = Release|Any CPU
		{108C2443-4AD1-4D8A-A077-4B27068F49CE}.Ad-Hoc|iPhoneSimulator.ActiveCfg = Release|Any CPU
		{108C2443-4AD1-4D8A-A077-4B27068F49CE}.Ad-Hoc|iPhoneSimulator.Build.0 = Release|Any CPU
		{108C2443-4AD1-4D8A-A077-4B27068F49CE}.Ad-Hoc|iPhoneSimulator.Deploy.0 = Release|Any CPU
		{108C2443-4AD1-4D8A-A077-4B27068F49CE}.AppStore|Any CPU.ActiveCfg = Release|Any CPU
		{108C2443-4AD1-4D8A-A077-4B27068F49CE}.AppStore|Any CPU.Build.0 = Release|Any CPU
		{108C2443-4AD1-4D8A-A077-4B27068F49CE}.AppStore|Any CPU.Deploy.0 = Release|Any CPU
		{108C2443-4AD1-4D8A-A077-4B27068F49CE}.AppStore|iPhone.ActiveCfg = Release|Any CPU
		{108C2443-4AD1-4D8A-A077-4B27068F49CE}.AppStore|iPhone.Build.0 = Release|Any CPU
		{108C2443-4AD1-4D8A-A077-4B27068F49CE}.AppStore|iPhone.Deploy.0 = Release|Any CPU
		{108C2443-4AD1-4D8A-A077-4B27068F49CE}.AppStore|iPhoneSimulator.ActiveCfg = Release|Any CPU
		{108C2443-4AD1-4D8A-A077-4B27068F49CE}.AppStore|iPhoneSimulator.Build.0 = Release|Any CPU
		{108C2443-4AD1-4D8A-A077-4B27068F49CE}.AppStore|iPhoneSimulator.Deploy.0 = Release|Any CPU
		{108C2443-4AD1-4D8A-A077-4B27068F49CE}.Debug|Any CPU.ActiveCfg = Debug|Any CPU
		{108C2443-4AD1-4D8A-A077-4B27068F49CE}.Debug|Any CPU.Build.0 = Debug|Any CPU
		{108C2443-4AD1-4D8A-A077-4B27068F49CE}.Debug|Any CPU.Deploy.0 = Debug|Any CPU
		{108C2443-4AD1-4D8A-A077-4B27068F49CE}.Debug|iPhone.ActiveCfg = Debug|Any CPU
		{108C2443-4AD1-4D8A-A077-4B27068F49CE}.Debug|iPhone.Build.0 = Debug|Any CPU
		{108C2443-4AD1-4D8A-A077-4B27068F49CE}.Debug|iPhone.Deploy.0 = Debug|Any CPU
		{108C2443-4AD1-4D8A-A077-4B27068F49CE}.Debug|iPhoneSimulator.ActiveCfg = Debug|Any CPU
		{108C2443-4AD1-4D8A-A077-4B27068F49CE}.Debug|iPhoneSimulator.Build.0 = Debug|Any CPU
		{108C2443-4AD1-4D8A-A077-4B27068F49CE}.Debug|iPhoneSimulator.Deploy.0 = Debug|Any CPU
		{108C2443-4AD1-4D8A-A077-4B27068F49CE}.Release|Any CPU.ActiveCfg = Release|Any CPU
		{108C2443-4AD1-4D8A-A077-4B27068F49CE}.Release|Any CPU.Build.0 = Release|Any CPU
		{108C2443-4AD1-4D8A-A077-4B27068F49CE}.Release|Any CPU.Deploy.0 = Release|Any CPU
		{108C2443-4AD1-4D8A-A077-4B27068F49CE}.Release|iPhone.ActiveCfg = Release|Any CPU
		{108C2443-4AD1-4D8A-A077-4B27068F49CE}.Release|iPhone.Build.0 = Release|Any CPU
		{108C2443-4AD1-4D8A-A077-4B27068F49CE}.Release|iPhone.Deploy.0 = Release|Any CPU
		{108C2443-4AD1-4D8A-A077-4B27068F49CE}.Release|iPhoneSimulator.ActiveCfg = Release|Any CPU
		{108C2443-4AD1-4D8A-A077-4B27068F49CE}.Release|iPhoneSimulator.Build.0 = Release|Any CPU
		{108C2443-4AD1-4D8A-A077-4B27068F49CE}.Release|iPhoneSimulator.Deploy.0 = Release|Any CPU
		{3BDAFB46-CE4A-4C2B-B54A-1E7F85BAB0BE}.Ad-Hoc|Any CPU.ActiveCfg = Ad-Hoc|iPhone
		{3BDAFB46-CE4A-4C2B-B54A-1E7F85BAB0BE}.Ad-Hoc|iPhone.ActiveCfg = Ad-Hoc|iPhone
		{3BDAFB46-CE4A-4C2B-B54A-1E7F85BAB0BE}.Ad-Hoc|iPhone.Build.0 = Ad-Hoc|iPhone
		{3BDAFB46-CE4A-4C2B-B54A-1E7F85BAB0BE}.Ad-Hoc|iPhoneSimulator.ActiveCfg = Ad-Hoc|iPhoneSimulator
		{3BDAFB46-CE4A-4C2B-B54A-1E7F85BAB0BE}.Ad-Hoc|iPhoneSimulator.Build.0 = Ad-Hoc|iPhoneSimulator
		{3BDAFB46-CE4A-4C2B-B54A-1E7F85BAB0BE}.AppStore|Any CPU.ActiveCfg = AppStore|iPhone
		{3BDAFB46-CE4A-4C2B-B54A-1E7F85BAB0BE}.AppStore|iPhone.ActiveCfg = AppStore|iPhone
		{3BDAFB46-CE4A-4C2B-B54A-1E7F85BAB0BE}.AppStore|iPhone.Build.0 = AppStore|iPhone
		{3BDAFB46-CE4A-4C2B-B54A-1E7F85BAB0BE}.AppStore|iPhoneSimulator.ActiveCfg = AppStore|iPhoneSimulator
		{3BDAFB46-CE4A-4C2B-B54A-1E7F85BAB0BE}.AppStore|iPhoneSimulator.Build.0 = AppStore|iPhoneSimulator
		{3BDAFB46-CE4A-4C2B-B54A-1E7F85BAB0BE}.Debug|Any CPU.ActiveCfg = Debug|iPhone
		{3BDAFB46-CE4A-4C2B-B54A-1E7F85BAB0BE}.Debug|iPhone.ActiveCfg = Debug|iPhone
		{3BDAFB46-CE4A-4C2B-B54A-1E7F85BAB0BE}.Debug|iPhone.Build.0 = Debug|iPhone
		{3BDAFB46-CE4A-4C2B-B54A-1E7F85BAB0BE}.Debug|iPhoneSimulator.ActiveCfg = Debug|iPhoneSimulator
		{3BDAFB46-CE4A-4C2B-B54A-1E7F85BAB0BE}.Debug|iPhoneSimulator.Build.0 = Debug|iPhoneSimulator
		{3BDAFB46-CE4A-4C2B-B54A-1E7F85BAB0BE}.Release|Any CPU.ActiveCfg = Release|iPhone
		{3BDAFB46-CE4A-4C2B-B54A-1E7F85BAB0BE}.Release|iPhone.ActiveCfg = Release|iPhone
		{3BDAFB46-CE4A-4C2B-B54A-1E7F85BAB0BE}.Release|iPhone.Build.0 = Release|iPhone
		{3BDAFB46-CE4A-4C2B-B54A-1E7F85BAB0BE}.Release|iPhoneSimulator.ActiveCfg = Release|iPhoneSimulator
		{3BDAFB46-CE4A-4C2B-B54A-1E7F85BAB0BE}.Release|iPhoneSimulator.Build.0 = Release|iPhoneSimulator
		{27137F71-771A-4C7C-B805-B320C75DE1EE}.Ad-Hoc|Any CPU.ActiveCfg = Release|Any CPU
		{27137F71-771A-4C7C-B805-B320C75DE1EE}.Ad-Hoc|Any CPU.Build.0 = Release|Any CPU
		{27137F71-771A-4C7C-B805-B320C75DE1EE}.Ad-Hoc|Any CPU.Deploy.0 = Release|Any CPU
		{27137F71-771A-4C7C-B805-B320C75DE1EE}.Ad-Hoc|iPhone.ActiveCfg = Release|Any CPU
		{27137F71-771A-4C7C-B805-B320C75DE1EE}.Ad-Hoc|iPhone.Build.0 = Release|Any CPU
		{27137F71-771A-4C7C-B805-B320C75DE1EE}.Ad-Hoc|iPhone.Deploy.0 = Release|Any CPU
		{27137F71-771A-4C7C-B805-B320C75DE1EE}.Ad-Hoc|iPhoneSimulator.ActiveCfg = Release|Any CPU
		{27137F71-771A-4C7C-B805-B320C75DE1EE}.Ad-Hoc|iPhoneSimulator.Build.0 = Release|Any CPU
		{27137F71-771A-4C7C-B805-B320C75DE1EE}.Ad-Hoc|iPhoneSimulator.Deploy.0 = Release|Any CPU
		{27137F71-771A-4C7C-B805-B320C75DE1EE}.AppStore|Any CPU.ActiveCfg = Release|Any CPU
		{27137F71-771A-4C7C-B805-B320C75DE1EE}.AppStore|Any CPU.Build.0 = Release|Any CPU
		{27137F71-771A-4C7C-B805-B320C75DE1EE}.AppStore|Any CPU.Deploy.0 = Release|Any CPU
		{27137F71-771A-4C7C-B805-B320C75DE1EE}.AppStore|iPhone.ActiveCfg = Release|Any CPU
		{27137F71-771A-4C7C-B805-B320C75DE1EE}.AppStore|iPhone.Build.0 = Release|Any CPU
		{27137F71-771A-4C7C-B805-B320C75DE1EE}.AppStore|iPhone.Deploy.0 = Release|Any CPU
		{27137F71-771A-4C7C-B805-B320C75DE1EE}.AppStore|iPhoneSimulator.ActiveCfg = Release|Any CPU
		{27137F71-771A-4C7C-B805-B320C75DE1EE}.AppStore|iPhoneSimulator.Build.0 = Release|Any CPU
		{27137F71-771A-4C7C-B805-B320C75DE1EE}.AppStore|iPhoneSimulator.Deploy.0 = Release|Any CPU
		{27137F71-771A-4C7C-B805-B320C75DE1EE}.Debug|Any CPU.ActiveCfg = Debug|Any CPU
		{27137F71-771A-4C7C-B805-B320C75DE1EE}.Debug|Any CPU.Build.0 = Debug|Any CPU
		{27137F71-771A-4C7C-B805-B320C75DE1EE}.Debug|Any CPU.Deploy.0 = Debug|Any CPU
		{27137F71-771A-4C7C-B805-B320C75DE1EE}.Debug|iPhone.ActiveCfg = Debug|Any CPU
		{27137F71-771A-4C7C-B805-B320C75DE1EE}.Debug|iPhone.Build.0 = Debug|Any CPU
		{27137F71-771A-4C7C-B805-B320C75DE1EE}.Debug|iPhone.Deploy.0 = Debug|Any CPU
		{27137F71-771A-4C7C-B805-B320C75DE1EE}.Debug|iPhoneSimulator.ActiveCfg = Debug|Any CPU
		{27137F71-771A-4C7C-B805-B320C75DE1EE}.Debug|iPhoneSimulator.Build.0 = Debug|Any CPU
		{27137F71-771A-4C7C-B805-B320C75DE1EE}.Debug|iPhoneSimulator.Deploy.0 = Debug|Any CPU
		{27137F71-771A-4C7C-B805-B320C75DE1EE}.Release|Any CPU.ActiveCfg = Release|Any CPU
		{27137F71-771A-4C7C-B805-B320C75DE1EE}.Release|Any CPU.Build.0 = Release|Any CPU
		{27137F71-771A-4C7C-B805-B320C75DE1EE}.Release|Any CPU.Deploy.0 = Release|Any CPU
		{27137F71-771A-4C7C-B805-B320C75DE1EE}.Release|iPhone.ActiveCfg = Release|Any CPU
		{27137F71-771A-4C7C-B805-B320C75DE1EE}.Release|iPhone.Build.0 = Release|Any CPU
		{27137F71-771A-4C7C-B805-B320C75DE1EE}.Release|iPhone.Deploy.0 = Release|Any CPU
		{27137F71-771A-4C7C-B805-B320C75DE1EE}.Release|iPhoneSimulator.ActiveCfg = Release|Any CPU
		{27137F71-771A-4C7C-B805-B320C75DE1EE}.Release|iPhoneSimulator.Build.0 = Release|Any CPU
		{27137F71-771A-4C7C-B805-B320C75DE1EE}.Release|iPhoneSimulator.Deploy.0 = Release|Any CPU
		{7D4E571B-3944-415E-8E33-780A52CAABA8}.Ad-Hoc|Any CPU.ActiveCfg = Release|iPhone
		{7D4E571B-3944-415E-8E33-780A52CAABA8}.Ad-Hoc|Any CPU.Build.0 = Release|iPhone
		{7D4E571B-3944-415E-8E33-780A52CAABA8}.Ad-Hoc|iPhone.ActiveCfg = Release|iPhone
		{7D4E571B-3944-415E-8E33-780A52CAABA8}.Ad-Hoc|iPhone.Build.0 = Release|iPhone
		{7D4E571B-3944-415E-8E33-780A52CAABA8}.Ad-Hoc|iPhoneSimulator.ActiveCfg = Release|iPhoneSimulator
		{7D4E571B-3944-415E-8E33-780A52CAABA8}.Ad-Hoc|iPhoneSimulator.Build.0 = Release|iPhoneSimulator
		{7D4E571B-3944-415E-8E33-780A52CAABA8}.AppStore|Any CPU.ActiveCfg = Release|iPhone
		{7D4E571B-3944-415E-8E33-780A52CAABA8}.AppStore|Any CPU.Build.0 = Release|iPhone
		{7D4E571B-3944-415E-8E33-780A52CAABA8}.AppStore|iPhone.ActiveCfg = Release|iPhone
		{7D4E571B-3944-415E-8E33-780A52CAABA8}.AppStore|iPhone.Build.0 = Release|iPhone
		{7D4E571B-3944-415E-8E33-780A52CAABA8}.AppStore|iPhoneSimulator.ActiveCfg = Release|iPhoneSimulator
		{7D4E571B-3944-415E-8E33-780A52CAABA8}.AppStore|iPhoneSimulator.Build.0 = Release|iPhoneSimulator
		{7D4E571B-3944-415E-8E33-780A52CAABA8}.Debug|Any CPU.ActiveCfg = Debug|iPhone
		{7D4E571B-3944-415E-8E33-780A52CAABA8}.Debug|iPhone.ActiveCfg = Debug|iPhone
		{7D4E571B-3944-415E-8E33-780A52CAABA8}.Debug|iPhone.Build.0 = Debug|iPhone
		{7D4E571B-3944-415E-8E33-780A52CAABA8}.Debug|iPhoneSimulator.ActiveCfg = Debug|iPhoneSimulator
		{7D4E571B-3944-415E-8E33-780A52CAABA8}.Debug|iPhoneSimulator.Build.0 = Debug|iPhoneSimulator
		{7D4E571B-3944-415E-8E33-780A52CAABA8}.Release|Any CPU.ActiveCfg = Release|iPhone
		{7D4E571B-3944-415E-8E33-780A52CAABA8}.Release|iPhone.ActiveCfg = Release|iPhone
		{7D4E571B-3944-415E-8E33-780A52CAABA8}.Release|iPhone.Build.0 = Release|iPhone
		{7D4E571B-3944-415E-8E33-780A52CAABA8}.Release|iPhoneSimulator.ActiveCfg = Release|iPhoneSimulator
		{7D4E571B-3944-415E-8E33-780A52CAABA8}.Release|iPhoneSimulator.Build.0 = Release|iPhoneSimulator
	EndGlobalSection
	GlobalSection(SolutionProperties) = preSolution
		HideSolutionNode = FALSE
	EndGlobalSection
	GlobalSection(ExtensibilityGlobals) = postSolution
		SolutionGuid = {F8D494E5-CBDA-4147-A07A-24B10BE7733C}
	EndGlobalSection
EndGlobal
